# This file is automatically @generated by Cargo.
# It is not intended for manual editing.
[[package]]
name = "adler32"
version = "1.0.4"
source = "registry+https://github.com/rust-lang/crates.io-index"
checksum = "5d2e7343e7fc9de883d1b0341e0b13970f764c14101234857d2ddafa1cb1cac2"

[[package]]
name = "aho-corasick"
version = "0.7.10"
source = "registry+https://github.com/rust-lang/crates.io-index"
checksum = "8716408b8bc624ed7f65d223ddb9ac2d044c0547b6fa4b0d554f3a9540496ada"
dependencies = [
 "memchr",
]

[[package]]
name = "approx"
version = "0.1.1"
source = "registry+https://github.com/rust-lang/crates.io-index"
checksum = "08abcc3b4e9339e33a3d0a5ed15d84a687350c05689d825e0f6655eef9e76a94"

[[package]]
name = "arrayref"
version = "0.3.6"
source = "registry+https://github.com/rust-lang/crates.io-index"
checksum = "a4c527152e37cf757a3f78aae5a06fbeefdb07ccc535c980a3208ee3060dd544"

[[package]]
name = "arrayvec"
version = "0.5.1"
source = "registry+https://github.com/rust-lang/crates.io-index"
checksum = "cff77d8686867eceff3105329d4698d96c2391c176d5d03adc90c7389162b5b8"

[[package]]
name = "autocfg"
version = "0.1.7"
source = "registry+https://github.com/rust-lang/crates.io-index"
checksum = "1d49d90015b3c36167a20fe2810c5cd875ad504b39cff3d4eae7977e6b7c1cb2"

[[package]]
name = "autocfg"
version = "1.0.0"
source = "registry+https://github.com/rust-lang/crates.io-index"
checksum = "f8aac770f1885fd7e387acedd76065302551364496e46b3dd00860b2f8359b9d"

[[package]]
name = "base64"
version = "0.10.1"
source = "registry+https://github.com/rust-lang/crates.io-index"
checksum = "0b25d992356d2eb0ed82172f5248873db5560c4721f564b13cb5193bda5e668e"
dependencies = [
 "byteorder",
]

[[package]]
name = "base64"
version = "0.11.0"
source = "registry+https://github.com/rust-lang/crates.io-index"
checksum = "b41b7ea54a0c9d92199de89e20e58d49f02f8e699814ef3fdf266f6f748d15c7"

[[package]]
name = "bitflags"
version = "1.2.1"
source = "registry+https://github.com/rust-lang/crates.io-index"
checksum = "cf1de2fe8c75bc145a2f577add951f8134889b4795d47466a54a5c846d691693"

[[package]]
name = "blake2b_simd"
version = "0.5.10"
source = "registry+https://github.com/rust-lang/crates.io-index"
checksum = "d8fb2d74254a3a0b5cac33ac9f8ed0e44aa50378d9dbb2e5d83bd21ed1dc2c8a"
dependencies = [
 "arrayref",
 "arrayvec",
 "constant_time_eq",
]

[[package]]
name = "byteorder"
version = "1.3.4"
source = "registry+https://github.com/rust-lang/crates.io-index"
checksum = "08c48aae112d48ed9f069b33538ea9e3e90aa263cfa3d1c24309612b1f7472de"

[[package]]
name = "cfg-if"
version = "0.1.10"
source = "registry+https://github.com/rust-lang/crates.io-index"
checksum = "4785bdd1c96b2a846b2bd7cc02e86b6b3dbf14e7e53446c4f54c92a361040822"

[[package]]
name = "chrono"
version = "0.4.11"
source = "registry+https://github.com/rust-lang/crates.io-index"
checksum = "80094f509cf8b5ae86a4966a39b3ff66cd7e2a3e594accec3743ff3fabeab5b2"
dependencies = [
 "num-integer",
 "num-traits",
 "serde",
 "time",
]

[[package]]
name = "cloudabi"
version = "0.0.3"
source = "registry+https://github.com/rust-lang/crates.io-index"
checksum = "ddfc5b9aa5d4507acaf872de71051dfd0e309860e88966e1051e462a077aac4f"
dependencies = [
 "bitflags",
]

[[package]]
name = "color_quant"
version = "1.0.1"
source = "registry+https://github.com/rust-lang/crates.io-index"
checksum = "0dbbb57365263e881e805dc77d94697c9118fd94d8da011240555aa7b23445bd"

[[package]]
name = "constant_time_eq"
version = "0.1.5"
source = "registry+https://github.com/rust-lang/crates.io-index"
checksum = "245097e9a4535ee1e3e3931fcfcd55a796a44c643e8596ff6566d68f09b87bbc"

[[package]]
name = "crossbeam-utils"
version = "0.7.2"
source = "registry+https://github.com/rust-lang/crates.io-index"
checksum = "c3c7c73a2d1e9fc0886a08b93e98eb643461230d5f1925e4036204d5f2e261a8"
dependencies = [
 "autocfg 1.0.0",
 "cfg-if",
 "lazy_static",
]

[[package]]
name = "deflate"
version = "0.7.20"
source = "registry+https://github.com/rust-lang/crates.io-index"
checksum = "707b6a7b384888a70c8d2e8650b3e60170dfc6a67bb4aa67b6dfca57af4bedb4"
dependencies = [
 "adler32",
 "byteorder",
]

[[package]]
name = "derive_more"
version = "0.14.1"
source = "registry+https://github.com/rust-lang/crates.io-index"
checksum = "6d944ac6003ed268757ef1ee686753b57efc5fcf0ebe7b64c9fc81e7e32ff839"
dependencies = [
 "proc-macro2 0.4.30",
 "quote 0.6.13",
 "rustc_version",
 "syn 0.15.44",
]

[[package]]
name = "dirs"
version = "2.0.2"
source = "registry+https://github.com/rust-lang/crates.io-index"
checksum = "13aea89a5c93364a98e9b37b2fa237effbb694d5cfe01c5b70941f7eb087d5e3"
dependencies = [
 "cfg-if",
 "dirs-sys",
]

[[package]]
name = "dirs-sys"
version = "0.3.5"
source = "registry+https://github.com/rust-lang/crates.io-index"
checksum = "8e93d7f5705de3e49895a2b5e0b8855a1c27f080192ae9c32a6432d50741a57a"
dependencies = [
 "libc",
 "redox_users",
 "winapi 0.3.8",
]

[[package]]
name = "encoding_rs"
version = "0.8.23"
source = "registry+https://github.com/rust-lang/crates.io-index"
checksum = "e8ac63f94732332f44fe654443c46f6375d1939684c17b0afb6cb56b0456e171"
dependencies = [
 "cfg-if",
]

[[package]]
name = "filetime"
version = "0.2.10"
source = "registry+https://github.com/rust-lang/crates.io-index"
checksum = "affc17579b132fc2461adf7c575cc6e8b134ebca52c51f5411388965227dc695"
dependencies = [
 "cfg-if",
 "libc",
 "redox_syscall",
 "winapi 0.3.8",
]

[[package]]
name = "fsevent"
version = "0.4.0"
source = "registry+https://github.com/rust-lang/crates.io-index"
checksum = "5ab7d1bd1bd33cc98b0889831b72da23c0aa4df9cec7e0702f46ecea04b35db6"
dependencies = [
 "bitflags",
 "fsevent-sys",
]

[[package]]
name = "fsevent-sys"
version = "2.0.1"
source = "registry+https://github.com/rust-lang/crates.io-index"
checksum = "f41b048a94555da0f42f1d632e2e19510084fb8e303b0daa2816e733fb3644a0"
dependencies = [
 "libc",
]

[[package]]
name = "fuchsia-cprng"
version = "0.1.1"
source = "registry+https://github.com/rust-lang/crates.io-index"
checksum = "a06f77d526c1a601b7c4cdd98f54b5eaabffc14d5f2f0296febdc7f357c6d3ba"

[[package]]
name = "fuchsia-zircon"
version = "0.3.3"
source = "registry+https://github.com/rust-lang/crates.io-index"
checksum = "2e9763c69ebaae630ba35f74888db465e49e259ba1bc0eda7d06f4a067615d82"
dependencies = [
 "bitflags",
 "fuchsia-zircon-sys",
]

[[package]]
name = "fuchsia-zircon-sys"
version = "0.3.3"
source = "registry+https://github.com/rust-lang/crates.io-index"
checksum = "3dcaa9ae7725d12cdb85b3ad99a434db70b468c09ded17e012d86b5c1010f7a7"

[[package]]
name = "getrandom"
version = "0.1.14"
source = "registry+https://github.com/rust-lang/crates.io-index"
checksum = "7abc8dd8451921606d809ba32e95b6111925cd2906060d2dcc29c070220503eb"
dependencies = [
 "cfg-if",
 "libc",
 "wasi",
]

[[package]]
name = "gif"
version = "0.10.3"
source = "registry+https://github.com/rust-lang/crates.io-index"
checksum = "471d90201b3b223f3451cd4ad53e34295f16a1df17b1edf3736d47761c3981af"
dependencies = [
 "color_quant",
 "lzw",
]

[[package]]
name = "hermit-abi"
version = "0.1.14"
source = "registry+https://github.com/rust-lang/crates.io-index"
checksum = "b9586eedd4ce6b3c498bc3b4dd92fc9f11166aa908a914071953768066c67909"
dependencies = [
 "libc",
]

[[package]]
name = "image"
version = "0.21.3"
source = "registry+https://github.com/rust-lang/crates.io-index"
checksum = "35371e467cd7b0b3d1d6013d619203658467df12d61b0ca43cd67b743b1965eb"
dependencies = [
 "byteorder",
 "gif",
 "jpeg-decoder",
 "lzw",
 "num-iter",
 "num-rational",
 "num-traits",
 "png",
 "scoped_threadpool",
 "tiff",
]

[[package]]
name = "indexmap"
version = "1.4.0"
source = "registry+https://github.com/rust-lang/crates.io-index"
checksum = "c398b2b113b55809ceb9ee3e753fcbac793f1956663f3c36549c1346015c2afe"
dependencies = [
 "autocfg 1.0.0",
 "serde",
]

[[package]]
name = "inflate"
version = "0.4.5"
source = "registry+https://github.com/rust-lang/crates.io-index"
checksum = "1cdb29978cc5797bd8dcc8e5bf7de604891df2a8dc576973d71a281e916db2ff"
dependencies = [
 "adler32",
]

[[package]]
name = "inotify"
version = "0.7.1"
source = "registry+https://github.com/rust-lang/crates.io-index"
checksum = "4816c66d2c8ae673df83366c18341538f234a26d65a9ecea5c348b453ac1d02f"
dependencies = [
 "bitflags",
 "inotify-sys",
 "libc",
]

[[package]]
name = "inotify-sys"
version = "0.1.3"
source = "registry+https://github.com/rust-lang/crates.io-index"
checksum = "e74a1aa87c59aeff6ef2cc2fa62d41bc43f54952f55652656b18a02fd5e356c0"
dependencies = [
 "libc",
]

[[package]]
name = "iovec"
version = "0.1.4"
source = "registry+https://github.com/rust-lang/crates.io-index"
checksum = "b2b3ea6ff95e175473f8ffe6a7eb7c00d054240321b84c57051175fe3c1e075e"
dependencies = [
 "libc",
]

[[package]]
name = "itoa"
version = "0.4.5"
source = "registry+https://github.com/rust-lang/crates.io-index"
checksum = "b8b7a7c0c47db5545ed3fef7468ee7bb5b74691498139e4b3f6a20685dc6dd8e"

[[package]]
name = "jpeg-decoder"
version = "0.1.19"
source = "registry+https://github.com/rust-lang/crates.io-index"
checksum = "5b47b4c4e017b01abdc5bcc126d2d1002e5a75bbe3ce73f9f4f311a916363704"
dependencies = [
 "byteorder",
]

[[package]]
name = "kernel32-sys"
version = "0.2.2"
source = "registry+https://github.com/rust-lang/crates.io-index"
checksum = "7507624b29483431c0ba2d82aece8ca6cdba9382bff4ddd0f7490560c056098d"
dependencies = [
 "winapi 0.2.8",
 "winapi-build",
]

[[package]]
name = "lazy_static"
version = "1.4.0"
source = "registry+https://github.com/rust-lang/crates.io-index"
checksum = "e2abad23fbc42b3700f2f279844dc832adb2b2eb069b2df918f455c4e18cc646"

[[package]]
name = "lazycell"
version = "1.2.1"
source = "registry+https://github.com/rust-lang/crates.io-index"
checksum = "b294d6fa9ee409a054354afc4352b0b9ef7ca222c69b8812cbea9e7d2bf3783f"

[[package]]
name = "libc"
version = "0.2.71"
source = "registry+https://github.com/rust-lang/crates.io-index"
checksum = "9457b06509d27052635f90d6466700c65095fdf75409b3fbdd903e988b886f49"

[[package]]
name = "livesplit-core"
version = "0.11.0"
source = "registry+https://github.com/rust-lang/crates.io-index"
checksum = "68d410822f17d287ed8da0abf9c13d567944e7ee5941d799755bd6a5a6a8df81"
dependencies = [
 "base64 0.10.1",
 "byteorder",
 "chrono",
 "derive_more",
 "image",
 "indexmap",
 "livesplit-hotkey",
 "odds",
 "ordered-float",
 "palette",
 "parking_lot",
 "quick-error",
 "quick-xml",
 "serde",
 "serde_derive",
 "serde_json",
 "unicase",
 "utf-8",
]

[[package]]
name = "livesplit-hotkey"
version = "0.5.0"
source = "registry+https://github.com/rust-lang/crates.io-index"
checksum = "619f989df7b9faeae8dbfb9bb585681efe1b5adce0fa46a95a208ac490230426"
dependencies = [
 "mio",
 "parking_lot",
 "promising-future",
 "quick-error",
 "serde",
 "serde_derive",
 "stdweb",
 "winapi 0.3.8",
 "x11-dl",
]

[[package]]
name = "lock_api"
version = "0.2.0"
source = "registry+https://github.com/rust-lang/crates.io-index"
checksum = "ed946d4529956a20f2d63ebe1b69996d5a2137c91913fe3ebbeff957f5bca7ff"
dependencies = [
 "scopeguard",
]

[[package]]
name = "log"
version = "0.4.8"
source = "registry+https://github.com/rust-lang/crates.io-index"
checksum = "14b6052be84e6b71ab17edffc2eeabf5c2c3ae1fdb464aae35ac50c67a44e1f7"
dependencies = [
 "cfg-if",
]

[[package]]
name = "lzw"
version = "0.10.0"
source = "registry+https://github.com/rust-lang/crates.io-index"
checksum = "7d947cbb889ed21c2a84be6ffbaebf5b4e0f4340638cba0444907e38b56be084"

[[package]]
name = "maybe-uninit"
version = "2.0.0"
source = "registry+https://github.com/rust-lang/crates.io-index"
checksum = "60302e4db3a61da70c0cb7991976248362f30319e88850c487b9b95bbf059e00"

[[package]]
name = "memchr"
version = "2.3.3"
source = "registry+https://github.com/rust-lang/crates.io-index"
checksum = "3728d817d99e5ac407411fa471ff9800a778d88a24685968b36824eaf4bee400"

[[package]]
name = "minecraft_timer"
version = "0.1.0"
dependencies = [
 "dirs",
 "livesplit-core",
 "notify",
 "regex",
 "serde",
 "serde_json",
]

[[package]]
name = "mio"
version = "0.6.22"
source = "registry+https://github.com/rust-lang/crates.io-index"
checksum = "fce347092656428bc8eaf6201042cb551b8d67855af7374542a92a0fbfcac430"
dependencies = [
 "cfg-if",
 "fuchsia-zircon",
 "fuchsia-zircon-sys",
 "iovec",
 "kernel32-sys",
 "libc",
 "log",
 "miow",
 "net2",
 "slab",
 "winapi 0.2.8",
]

[[package]]
name = "mio-extras"
version = "2.0.6"
source = "registry+https://github.com/rust-lang/crates.io-index"
checksum = "52403fe290012ce777c4626790c8951324a2b9e3316b3143779c72b029742f19"
dependencies = [
 "lazycell",
 "log",
 "mio",
 "slab",
]

[[package]]
name = "miow"
version = "0.2.1"
source = "registry+https://github.com/rust-lang/crates.io-index"
checksum = "8c1f2f3b1cf331de6896aabf6e9d55dca90356cc9960cca7eaaf408a355ae919"
dependencies = [
 "kernel32-sys",
 "net2",
 "winapi 0.2.8",
 "ws2_32-sys",
]

[[package]]
name = "net2"
version = "0.2.34"
source = "registry+https://github.com/rust-lang/crates.io-index"
checksum = "2ba7c918ac76704fb42afcbbb43891e72731f3dcca3bef2a19786297baf14af7"
dependencies = [
 "cfg-if",
 "libc",
 "winapi 0.3.8",
]

[[package]]
name = "notify"
version = "4.0.15"
source = "registry+https://github.com/rust-lang/crates.io-index"
checksum = "80ae4a7688d1fab81c5bf19c64fc8db920be8d519ce6336ed4e7efe024724dbd"
dependencies = [
 "bitflags",
 "filetime",
 "fsevent",
 "fsevent-sys",
 "inotify",
 "libc",
 "mio",
 "mio-extras",
 "walkdir",
 "winapi 0.3.8",
]

[[package]]
name = "num-derive"
version = "0.2.5"
source = "registry+https://github.com/rust-lang/crates.io-index"
checksum = "eafd0b45c5537c3ba526f79d3e75120036502bebacbb3f3220914067ce39dbf2"
dependencies = [
 "proc-macro2 0.4.30",
 "quote 0.6.13",
 "syn 0.15.44",
]

[[package]]
name = "num-integer"
version = "0.1.43"
source = "registry+https://github.com/rust-lang/crates.io-index"
checksum = "8d59457e662d541ba17869cf51cf177c0b5f0cbf476c66bdc90bf1edac4f875b"
dependencies = [
 "autocfg 1.0.0",
 "num-traits",
]

[[package]]
name = "num-iter"
version = "0.1.41"
source = "registry+https://github.com/rust-lang/crates.io-index"
checksum = "7a6e6b7c748f995c4c29c5f5ae0248536e04a5739927c74ec0fa564805094b9f"
dependencies = [
 "autocfg 1.0.0",
 "num-integer",
 "num-traits",
]

[[package]]
name = "num-rational"
version = "0.2.4"
source = "registry+https://github.com/rust-lang/crates.io-index"
checksum = "5c000134b5dbf44adc5cb772486d335293351644b801551abe8f75c84cfa4aef"
dependencies = [
 "autocfg 1.0.0",
 "num-integer",
 "num-traits",
]

[[package]]
name = "num-traits"
version = "0.2.12"
source = "registry+https://github.com/rust-lang/crates.io-index"
checksum = "ac267bcc07f48ee5f8935ab0d24f316fb722d7a1292e2913f0cc196b29ffd611"
dependencies = [
 "autocfg 1.0.0",
]

[[package]]
name = "num_cpus"
version = "1.13.0"
source = "registry+https://github.com/rust-lang/crates.io-index"
checksum = "05499f3756671c15885fee9034446956fff3f243d6077b91e5767df161f766b3"
dependencies = [
 "hermit-abi",
 "libc",
]

[[package]]
name = "odds"
version = "0.3.1"
source = "registry+https://github.com/rust-lang/crates.io-index"
checksum = "a9a18d7081eb052145753e982d7b8de495f15f74636d0d963f09116581eab665"
dependencies = [
 "rawpointer 0.1.0",
 "rawslice",
 "unchecked-index",
]

[[package]]
name = "ordered-float"
version = "1.0.2"
source = "registry+https://github.com/rust-lang/crates.io-index"
checksum = "18869315e81473c951eb56ad5558bbc56978562d3ecfb87abb7a1e944cea4518"
dependencies = [
 "num-traits",
]

[[package]]
name = "palette"
version = "0.4.1"
source = "registry+https://github.com/rust-lang/crates.io-index"
checksum = "6cd2b5f49faa585c1416e35717fc04328a4c353b368c3ad6e8b34e743bd7cae1"
dependencies = [
 "approx",
 "num-traits",
 "palette_derive",
]

[[package]]
name = "palette_derive"
version = "0.4.1"
source = "registry+https://github.com/rust-lang/crates.io-index"
checksum = "76bc2c163e12167b6b7cf3f76a94c2abf8f87086a2d03efbe07d12b0f792189e"
dependencies = [
 "proc-macro2 0.4.30",
 "quote 0.6.13",
 "syn 0.14.9",
]

[[package]]
name = "parking_lot"
version = "0.8.0"
source = "registry+https://github.com/rust-lang/crates.io-index"
checksum = "fa7767817701cce701d5585b9c4db3cdd02086398322c1d7e8bf5094a96a2ce7"
dependencies = [
 "lock_api",
 "parking_lot_core",
 "rustc_version",
]

[[package]]
name = "parking_lot_core"
version = "0.5.0"
source = "registry+https://github.com/rust-lang/crates.io-index"
checksum = "cb88cb1cb3790baa6776844f968fea3be44956cf184fa1be5a03341f5491278c"
dependencies = [
 "cfg-if",
 "cloudabi",
 "libc",
 "rand",
 "redox_syscall",
 "rustc_version",
 "smallvec",
 "winapi 0.3.8",
]

[[package]]
name = "pkg-config"
version = "0.3.17"
source = "registry+https://github.com/rust-lang/crates.io-index"
checksum = "05da548ad6865900e60eaba7f589cc0783590a92e940c26953ff81ddbab2d677"

[[package]]
name = "png"
version = "0.14.1"
source = "registry+https://github.com/rust-lang/crates.io-index"
checksum = "63daf481fdd0defa2d1d2be15c674fbfa1b0fd71882c303a91f9a79b3252c359"
dependencies = [
 "bitflags",
 "deflate",
 "inflate",
 "num-iter",
]

[[package]]
name = "proc-macro2"
version = "0.4.30"
source = "registry+https://github.com/rust-lang/crates.io-index"
checksum = "cf3d2011ab5c909338f7887f4fc896d35932e29146c12c8d01da6b22a80ba759"
dependencies = [
 "unicode-xid 0.1.0",
]

[[package]]
name = "proc-macro2"
version = "1.0.18"
source = "registry+https://github.com/rust-lang/crates.io-index"
checksum = "beae6331a816b1f65d04c45b078fd8e6c93e8071771f41b8163255bbd8d7c8fa"
dependencies = [
 "unicode-xid 0.2.0",
]

[[package]]
name = "promising-future"
version = "0.2.4"
source = "registry+https://github.com/rust-lang/crates.io-index"
checksum = "44ba461c1b8785e502867026d893fa52801faccfbfe59efdae7da4b9094b4ce2"
dependencies = [
 "threadpool",
]

[[package]]
name = "quick-error"
version = "1.2.3"
source = "registry+https://github.com/rust-lang/crates.io-index"
checksum = "a1d01941d82fa2ab50be1e79e6714289dd7cde78eba4c074bc5a4374f650dfe0"

[[package]]
name = "quick-xml"
version = "0.14.0"
source = "registry+https://github.com/rust-lang/crates.io-index"
checksum = "0a8b2062cd4735d683121dbd525f5961226936229b0ac6bbbc40b34155744a41"
dependencies = [
 "derive_more",
 "encoding_rs",
 "log",
 "memchr",
]

[[package]]
name = "quote"
version = "0.6.13"
source = "registry+https://github.com/rust-lang/crates.io-index"
checksum = "6ce23b6b870e8f94f81fb0a363d65d86675884b34a09043c81e5562f11c1f8e1"
dependencies = [
 "proc-macro2 0.4.30",
]

[[package]]
name = "quote"
version = "1.0.7"
source = "registry+https://github.com/rust-lang/crates.io-index"
checksum = "aa563d17ecb180e500da1cfd2b028310ac758de548efdd203e18f283af693f37"
dependencies = [
 "proc-macro2 1.0.18",
]

[[package]]
name = "rand"
version = "0.6.5"
source = "registry+https://github.com/rust-lang/crates.io-index"
checksum = "6d71dacdc3c88c1fde3885a3be3fbab9f35724e6ce99467f7d9c5026132184ca"
dependencies = [
 "autocfg 0.1.7",
 "libc",
 "rand_chacha",
 "rand_core 0.4.2",
 "rand_hc",
 "rand_isaac",
 "rand_jitter",
 "rand_os",
 "rand_pcg",
 "rand_xorshift",
 "winapi 0.3.8",
]

[[package]]
name = "rand_chacha"
version = "0.1.1"
source = "registry+https://github.com/rust-lang/crates.io-index"
checksum = "556d3a1ca6600bfcbab7c7c91ccb085ac7fbbcd70e008a98742e7847f4f7bcef"
dependencies = [
 "autocfg 0.1.7",
 "rand_core 0.3.1",
]

[[package]]
name = "rand_core"
version = "0.3.1"
source = "registry+https://github.com/rust-lang/crates.io-index"
checksum = "7a6fdeb83b075e8266dcc8762c22776f6877a63111121f5f8c7411e5be7eed4b"
dependencies = [
 "rand_core 0.4.2",
]

[[package]]
name = "rand_core"
version = "0.4.2"
source = "registry+https://github.com/rust-lang/crates.io-index"
checksum = "9c33a3c44ca05fa6f1807d8e6743f3824e8509beca625669633be0acbdf509dc"

[[package]]
name = "rand_hc"
version = "0.1.0"
source = "registry+https://github.com/rust-lang/crates.io-index"
checksum = "7b40677c7be09ae76218dc623efbf7b18e34bced3f38883af07bb75630a21bc4"
dependencies = [
 "rand_core 0.3.1",
]

[[package]]
name = "rand_isaac"
version = "0.1.1"
source = "registry+https://github.com/rust-lang/crates.io-index"
checksum = "ded997c9d5f13925be2a6fd7e66bf1872597f759fd9dd93513dd7e92e5a5ee08"
dependencies = [
 "rand_core 0.3.1",
]

[[package]]
name = "rand_jitter"
version = "0.1.4"
source = "registry+https://github.com/rust-lang/crates.io-index"
checksum = "1166d5c91dc97b88d1decc3285bb0a99ed84b05cfd0bc2341bdf2d43fc41e39b"
dependencies = [
 "libc",
 "rand_core 0.4.2",
 "winapi 0.3.8",
]

[[package]]
name = "rand_os"
version = "0.1.3"
source = "registry+https://github.com/rust-lang/crates.io-index"
checksum = "7b75f676a1e053fc562eafbb47838d67c84801e38fc1ba459e8f180deabd5071"
dependencies = [
 "cloudabi",
 "fuchsia-cprng",
 "libc",
 "rand_core 0.4.2",
 "rdrand",
 "winapi 0.3.8",
]

[[package]]
name = "rand_pcg"
version = "0.1.2"
source = "registry+https://github.com/rust-lang/crates.io-index"
checksum = "abf9b09b01790cfe0364f52bf32995ea3c39f4d2dd011eac241d2914146d0b44"
dependencies = [
 "autocfg 0.1.7",
 "rand_core 0.4.2",
]

[[package]]
name = "rand_xorshift"
version = "0.1.1"
source = "registry+https://github.com/rust-lang/crates.io-index"
checksum = "cbf7e9e623549b0e21f6e97cf8ecf247c1a8fd2e8a992ae265314300b2455d5c"
dependencies = [
 "rand_core 0.3.1",
]

[[package]]
name = "rawpointer"
version = "0.1.0"
source = "registry+https://github.com/rust-lang/crates.io-index"
checksum = "ebac11a9d2e11f2af219b8b8d833b76b1ea0e054aa0e8d8e9e4cbde353bdf019"

[[package]]
name = "rawpointer"
version = "0.2.1"
source = "registry+https://github.com/rust-lang/crates.io-index"
checksum = "60a357793950651c4ed0f3f52338f53b2f809f32d83a07f72909fa13e4c6c1e3"

[[package]]
name = "rawslice"
version = "0.1.1"
source = "registry+https://github.com/rust-lang/crates.io-index"
checksum = "8e23c908b26a742e5e3768ea42f19225ef809d3c9e3071bfe3e01c7e9b6fd1cd"
dependencies = [
 "rawpointer 0.2.1",
]

[[package]]
name = "rdrand"
version = "0.4.0"
source = "registry+https://github.com/rust-lang/crates.io-index"
checksum = "678054eb77286b51581ba43620cc911abf02758c91f93f479767aed0f90458b2"
dependencies = [
 "rand_core 0.3.1",
]

[[package]]
name = "redox_syscall"
version = "0.1.56"
source = "registry+https://github.com/rust-lang/crates.io-index"
checksum = "2439c63f3f6139d1b57529d16bc3b8bb855230c8efcc5d3a896c8bea7c3b1e84"

[[package]]
name = "redox_users"
version = "0.3.4"
source = "registry+https://github.com/rust-lang/crates.io-index"
checksum = "09b23093265f8d200fa7b4c2c76297f47e681c655f6f1285a8780d6a022f7431"
dependencies = [
 "getrandom",
 "redox_syscall",
 "rust-argon2",
]

[[package]]
name = "regex"
version = "1.3.9"
source = "registry+https://github.com/rust-lang/crates.io-index"
checksum = "9c3780fcf44b193bc4d09f36d2a3c87b251da4a046c87795a0d35f4f927ad8e6"
dependencies = [
 "aho-corasick",
 "memchr",
 "regex-syntax",
 "thread_local",
]

[[package]]
name = "regex-syntax"
version = "0.6.18"
source = "registry+https://github.com/rust-lang/crates.io-index"
checksum = "26412eb97c6b088a6997e05f69403a802a92d520de2f8e63c2b65f9e0f47c4e8"

[[package]]
name = "rust-argon2"
version = "0.7.0"
source = "registry+https://github.com/rust-lang/crates.io-index"
checksum = "2bc8af4bda8e1ff4932523b94d3dd20ee30a87232323eda55903ffd71d2fb017"
dependencies = [
 "base64 0.11.0",
 "blake2b_simd",
 "constant_time_eq",
 "crossbeam-utils",
]

[[package]]
name = "rustc_version"
version = "0.2.3"
source = "registry+https://github.com/rust-lang/crates.io-index"
checksum = "138e3e0acb6c9fb258b19b67cb8abd63c00679d2851805ea151465464fe9030a"
dependencies = [
 "semver",
]

[[package]]
name = "ryu"
version = "1.0.5"
source = "registry+https://github.com/rust-lang/crates.io-index"
checksum = "71d301d4193d031abdd79ff7e3dd721168a9572ef3fe51a1517aba235bd8f86e"

[[package]]
name = "same-file"
version = "1.0.6"
source = "registry+https://github.com/rust-lang/crates.io-index"
checksum = "93fc1dc3aaa9bfed95e02e6eadabb4baf7e3078b0bd1b4d7b6b0b68378900502"
dependencies = [
 "winapi-util",
]

[[package]]
name = "scoped_threadpool"
version = "0.1.9"
source = "registry+https://github.com/rust-lang/crates.io-index"
checksum = "1d51f5df5af43ab3f1360b429fa5e0152ac5ce8c0bd6485cae490332e96846a8"

[[package]]
name = "scopeguard"
version = "1.1.0"
source = "registry+https://github.com/rust-lang/crates.io-index"
checksum = "d29ab0c6d3fc0ee92fe66e2d99f700eab17a8d57d1c1d3b748380fb20baa78cd"

[[package]]
name = "semver"
version = "0.9.0"
source = "registry+https://github.com/rust-lang/crates.io-index"
checksum = "1d7eb9ef2c18661902cc47e535f9bc51b78acd254da71d375c2f6720d9a40403"
dependencies = [
 "semver-parser",
]

[[package]]
name = "semver-parser"
version = "0.7.0"
source = "registry+https://github.com/rust-lang/crates.io-index"
checksum = "388a1df253eca08550bef6c72392cfe7c30914bf41df5269b68cbd6ff8f570a3"

[[package]]
name = "serde"
version = "1.0.111"
source = "registry+https://github.com/rust-lang/crates.io-index"
checksum = "c9124df5b40cbd380080b2cc6ab894c040a3070d995f5c9dc77e18c34a8ae37d"
dependencies = [
 "serde_derive",
]

[[package]]
name = "serde_derive"
version = "1.0.111"
source = "registry+https://github.com/rust-lang/crates.io-index"
checksum = "3f2c3ac8e6ca1e9c80b8be1023940162bf81ae3cffbb1809474152f2ce1eb250"
dependencies = [
 "proc-macro2 1.0.18",
 "quote 1.0.7",
 "syn 1.0.31",
]

[[package]]
name = "serde_json"
version = "1.0.53"
source = "registry+https://github.com/rust-lang/crates.io-index"
checksum = "993948e75b189211a9b31a7528f950c6adc21f9720b6438ff80a7fa2f864cea2"
dependencies = [
 "itoa",
 "ryu",
 "serde",
]

[[package]]
name = "slab"
version = "0.4.2"
source = "registry+https://github.com/rust-lang/crates.io-index"
checksum = "c111b5bd5695e56cffe5129854aa230b39c93a305372fdbb2668ca2394eea9f8"

[[package]]
name = "smallvec"
version = "0.6.13"
source = "registry+https://github.com/rust-lang/crates.io-index"
checksum = "f7b0758c52e15a8b5e3691eae6cc559f08eee9406e548a4477ba4e67770a82b6"
dependencies = [
 "maybe-uninit",
]

[[package]]
name = "stdweb"
version = "0.3.0"
source = "registry+https://github.com/rust-lang/crates.io-index"
checksum = "7b9c504d47623c911c70686c17a3321a3400942e57970d2a2959a7b3b2ade630"
dependencies = [
 "serde",
 "serde_json",
]

[[package]]
name = "syn"
version = "0.14.9"
source = "registry+https://github.com/rust-lang/crates.io-index"
checksum = "261ae9ecaa397c42b960649561949d69311f08eeaea86a65696e6e46517cf741"
dependencies = [
 "proc-macro2 0.4.30",
 "quote 0.6.13",
 "unicode-xid 0.1.0",
]

[[package]]
name = "syn"
version = "0.15.44"
source = "registry+https://github.com/rust-lang/crates.io-index"
checksum = "9ca4b3b69a77cbe1ffc9e198781b7acb0c7365a883670e8f1c1bc66fba79a5c5"
dependencies = [
 "proc-macro2 0.4.30",
 "quote 0.6.13",
 "unicode-xid 0.1.0",
]

[[package]]
name = "syn"
version = "1.0.31"
source = "registry+https://github.com/rust-lang/crates.io-index"
checksum = "b5304cfdf27365b7585c25d4af91b35016ed21ef88f17ced89c7093b43dba8b6"
dependencies = [
 "proc-macro2 1.0.18",
 "quote 1.0.7",
 "unicode-xid 0.2.0",
]

[[package]]
name = "thread_local"
version = "1.0.1"
source = "registry+https://github.com/rust-lang/crates.io-index"
checksum = "d40c6d1b69745a6ec6fb1ca717914848da4b44ae29d9b3080cbee91d72a69b14"
dependencies = [
 "lazy_static",
]

[[package]]
name = "threadpool"
version = "1.8.1"
source = "registry+https://github.com/rust-lang/crates.io-index"
checksum = "d050e60b33d41c19108b32cea32164033a9013fe3b46cbd4457559bfbf77afaa"
dependencies = [
 "num_cpus",
]

[[package]]
name = "tiff"
version = "0.2.2"
source = "registry+https://github.com/rust-lang/crates.io-index"
checksum = "1e4834f28a0330cb9f3f2c87d2649dca723cb33802e2bdcf18da32759fbec7ce"
dependencies = [
 "byteorder",
 "lzw",
 "num-derive",
 "num-traits",
]

[[package]]
name = "time"
version = "0.1.43"
source = "registry+https://github.com/rust-lang/crates.io-index"
checksum = "ca8a50ef2360fbd1eeb0ecd46795a87a19024eb4b53c5dc916ca1fd95fe62438"
dependencies = [
 "libc",
 "winapi 0.3.8",
]

[[package]]
name = "unchecked-index"
version = "0.2.2"
source = "registry+https://github.com/rust-lang/crates.io-index"
checksum = "eeba86d422ce181a719445e51872fa30f1f7413b62becb52e95ec91aa262d85c"

[[package]]
name = "unicase"
version = "2.6.0"
source = "registry+https://github.com/rust-lang/crates.io-index"
checksum = "50f37be617794602aabbeee0be4f259dc1778fabe05e2d67ee8f79326d5cb4f6"
dependencies = [
 "version_check",
]

[[package]]
name = "unicode-xid"
version = "0.1.0"
source = "registry+https://github.com/rust-lang/crates.io-index"
checksum = "fc72304796d0818e357ead4e000d19c9c174ab23dc11093ac919054d20a6a7fc"

[[package]]
name = "unicode-xid"
version = "0.2.0"
source = "registry+https://github.com/rust-lang/crates.io-index"
checksum = "826e7639553986605ec5979c7dd957c7895e93eabed50ab2ffa7f6128a75097c"

[[package]]
name = "utf-8"
version = "0.7.5"
source = "registry+https://github.com/rust-lang/crates.io-index"
checksum = "05e42f7c18b8f902290b009cde6d651262f956c98bc51bca4cd1d511c9cd85c7"

[[package]]
name = "version_check"
version = "0.9.2"
source = "registry+https://github.com/rust-lang/crates.io-index"
checksum = "b5a972e5669d67ba988ce3dc826706fb0a8b01471c088cb0b6110b805cc36aed"

[[package]]
name = "walkdir"
version = "2.3.1"
source = "registry+https://github.com/rust-lang/crates.io-index"
checksum = "777182bc735b6424e1a57516d35ed72cb8019d85c8c9bf536dccb3445c1a2f7d"
dependencies = [
 "same-file",
 "winapi 0.3.8",
 "winapi-util",
]

[[package]]
name = "wasi"
version = "0.9.0+wasi-snapshot-preview1"
source = "registry+https://github.com/rust-lang/crates.io-index"
checksum = "cccddf32554fecc6acb585f82a32a72e28b48f8c4c1883ddfeeeaa96f7d8e519"

[[package]]
name = "winapi"
version = "0.2.8"
source = "registry+https://github.com/rust-lang/crates.io-index"
checksum = "167dc9d6949a9b857f3451275e911c3f44255842c1f7a76f33c55103a909087a"

[[package]]
name = "winapi"
version = "0.3.8"
source = "registry+https://github.com/rust-lang/crates.io-index"
checksum = "8093091eeb260906a183e6ae1abdba2ef5ef2257a21801128899c3fc699229c6"
dependencies = [
 "winapi-i686-pc-windows-gnu",
 "winapi-x86_64-pc-windows-gnu",
]

[[package]]
name = "winapi-build"
version = "0.1.1"
source = "registry+https://github.com/rust-lang/crates.io-index"
checksum = "2d315eee3b34aca4797b2da6b13ed88266e6d612562a0c46390af8299fc699bc"

[[package]]
name = "winapi-i686-pc-windows-gnu"
version = "0.4.0"
source = "registry+https://github.com/rust-lang/crates.io-index"
checksum = "ac3b87c63620426dd9b991e5ce0329eff545bccbbb34f3be09ff6fb6ab51b7b6"

[[package]]
name = "winapi-util"
version = "0.1.5"
source = "registry+https://github.com/rust-lang/crates.io-index"
checksum = "70ec6ce85bb158151cae5e5c87f95a8e97d2c0c4b001223f33a334e3ce5de178"
dependencies = [
 "winapi 0.3.8",
]

[[package]]
name = "winapi-x86_64-pc-windows-gnu"
version = "0.4.0"
source = "registry+https://github.com/rust-lang/crates.io-index"
checksum = "712e227841d057c1ee1cd2fb22fa7e5a5461ae8e48fa2ca79ec42cfc1931183f"

[[package]]
name = "ws2_32-sys"
version = "0.2.1"
source = "registry+https://github.com/rust-lang/crates.io-index"
checksum = "d59cefebd0c892fa2dd6de581e937301d8552cb44489cdff035c6187cb63fa5e"
dependencies = [
 "winapi 0.2.8",
 "winapi-build",
]

[[package]]
name = "x11-dl"
version = "2.18.5"
source = "registry+https://github.com/rust-lang/crates.io-index"
checksum = "2bf981e3a5b3301209754218f962052d4d9ee97e478f4d26d4a6eced34c1fef8"
dependencies = [
 "lazy_static",
 "libc",
 "maybe-uninit",
 "pkg-config",
]
